
Microsoft Visual Studio Solution File, Format Version 12.00
# Visual Studio Version 17
VisualStudioVersion = 17.8.34511.84
MinimumVisualStudioVersion = 10.0.40219.1
Project("{FAE04EC0-301F-11D3-BF4B-00C04F79EFBC}") = "OX.Sender", "OX.Sender\OX.Sender.csproj", "{FD869363-C929-4E4A-87AA-EDC5382194EB}"
EndProject
Global
	GlobalSection(SolutionConfigurationPlatforms) = preSolution
		Debug|Any CPU = Debug|Any CPU
		Release|Any CPU = Release|Any CPU
	EndGlobalSection
	GlobalSection(ProjectConfigurationPlatforms) = postSolution
		{FD869363-C929-4E4A-87AA-EDC5382194EB}.Debug|Any CPU.ActiveCfg = Debug|Any CPU
		{FD869363-C929-4E4A-87AA-EDC5382194EB}.Debug|Any CPU.Build.0 = Debug|Any CPU
		{FD869363-C929-4E4A-87AA-EDC5382194EB}.Release|Any CPU.ActiveCfg = Release|Any CPU
		{FD869363-C929-4E4A-87AA-EDC5382194EB}.Release|Any CPU.Build.0 = Release|Any CPU
	EndGlobalSection
	GlobalSection(SolutionProperties) = preSolution
		HideSolutionNode = FALSE
	EndGlobalSection
	GlobalSection(ExtensibilityGlobals) = postSolution
		SolutionGuid = {5425C3AF-955D-483A-A23A-51A6FB576B18}
	EndGlobalSection
EndGlobal
